
Microsoft Visual Studio Solution File, Format Version 12.00
# Visual Studio Version 16
VisualStudioVersion = 16.0.30011.22
MinimumVisualStudioVersion = 10.0.40219.1
Project("{9A19103F-16F7-4668-BE54-9A1E7A4F7556}") = "ClassMembers", "ClassMembers\ClassMembers.csproj", "{DF5714B3-8655-4478-BDFC-A1153BD5F71F}"
EndProject
Project("{9A19103F-16F7-4668-BE54-9A1E7A4F7556}") = "Attributes", "Attributes\Attributes.csproj", "{FB031D0E-F939-4337-959E-2CE4078EBCB9}"
EndProject
Project("{FAE04EC0-301F-11D3-BF4B-00C04F79EFBC}") = "DelegateAndEvent", "DelegateAndEvent\DelegateAndEvent.csproj", "{88051A06-8FB2-426D-A608-EEFC8548880B}"
EndProject
Global
	GlobalSection(SolutionConfigurationPlatforms) = preSolution
		Debug|Any CPU = Debug|Any CPU
		Release|Any CPU = Release|Any CPU
	EndGlobalSection
	GlobalSection(ProjectConfigurationPlatforms) = postSolution
		{DF5714B3-8655-4478-BDFC-A1153BD5F71F}.Debug|Any CPU.ActiveCfg = Debug|Any CPU
		{DF5714B3-8655-4478-BDFC-A1153BD5F71F}.Debug|Any CPU.Build.0 = Debug|Any CPU
		{DF5714B3-8655-4478-BDFC-A1153BD5F71F}.Release|Any CPU.ActiveCfg = Release|Any CPU
		{DF5714B3-8655-4478-BDFC-A1153BD5F71F}.Release|Any CPU.Build.0 = Release|Any CPU
		{FB031D0E-F939-4337-959E-2CE4078EBCB9}.Debug|Any CPU.ActiveCfg = Debug|Any CPU
		{FB031D0E-F939-4337-959E-2CE4078EBCB9}.Debug|Any CPU.Build.0 = Debug|Any CPU
		{FB031D0E-F939-4337-959E-2CE4078EBCB9}.Release|Any CPU.ActiveCfg = Release|Any CPU
		{FB031D0E-F939-4337-959E-2CE4078EBCB9}.Release|Any CPU.Build.0 = Release|Any CPU
		{88051A06-8FB2-426D-A608-EEFC8548880B}.Debug|Any CPU.ActiveCfg = Debug|Any CPU
		{88051A06-8FB2-426D-A608-EEFC8548880B}.Debug|Any CPU.Build.0 = Debug|Any CPU
		{88051A06-8FB2-426D-A608-EEFC8548880B}.Release|Any CPU.ActiveCfg = Release|Any CPU
		{88051A06-8FB2-426D-A608-EEFC8548880B}.Release|Any CPU.Build.0 = Release|Any CPU
	EndGlobalSection
	GlobalSection(SolutionProperties) = preSolution
		HideSolutionNode = FALSE
	EndGlobalSection
	GlobalSection(ExtensibilityGlobals) = postSolution
		SolutionGuid = {1B775E22-77BB-4B6F-97DF-87F976F0FBF2}
	EndGlobalSection
EndGlobal
